
Microsoft Visual Studio Solution File, Format Version 12.00
# Visual Studio Version 16
VisualStudioVersion = 16.0.31112.23
MinimumVisualStudioVersion = 15.0.26124.0
Project("{9A19103F-16F7-4668-BE54-9A1E7A4F7556}") = "Portfolio.Data", "Portfolio.Data\Portfolio.Data.csproj", "{2D965A8A-DE65-4166-AF94-500C1E92BD91}"
EndProject
Project("{9A19103F-16F7-4668-BE54-9A1E7A4F7556}") = "Portfolio.Entity", "Portfolio.Entity\Portfolio.Entity.csproj", "{696C53CF-0096-476B-8827-50C1254E7471}"
EndProject
Project("{9A19103F-16F7-4668-BE54-9A1E7A4F7556}") = "Portfolio.WebUI", "Portfolio.WebUI\Portfolio.WebUI.csproj", "{BECE04F4-D057-4622-8CCB-B0B27581700F}"
EndProject
Global
	GlobalSection(SolutionConfigurationPlatforms) = preSolution
		Debug|Any CPU = Debug|Any CPU
		Debug|x64 = Debug|x64
		Debug|x86 = Debug|x86
		Release|Any CPU = Release|Any CPU
		Release|x64 = Release|x64
		Release|x86 = Release|x86
	EndGlobalSection
	GlobalSection(ProjectConfigurationPlatforms) = postSolution
		{2D965A8A-DE65-4166-AF94-500C1E92BD91}.Debug|Any CPU.ActiveCfg = Release|Any CPU
		{2D965A8A-DE65-4166-AF94-500C1E92BD91}.Debug|Any CPU.Build.0 = Release|Any CPU
		{2D965A8A-DE65-4166-AF94-500C1E92BD91}.Debug|x64.ActiveCfg = Debug|Any CPU
		{2D965A8A-DE65-4166-AF94-500C1E92BD91}.Debug|x64.Build.0 = Debug|Any CPU
		{2D965A8A-DE65-4166-AF94-500C1E92BD91}.Debug|x86.ActiveCfg = Debug|Any CPU
		{2D965A8A-DE65-4166-AF94-500C1E92BD91}.Debug|x86.Build.0 = Debug|Any CPU
		{2D965A8A-DE65-4166-AF94-500C1E92BD91}.Release|Any CPU.ActiveCfg = Release|Any CPU
		{2D965A8A-DE65-4166-AF94-500C1E92BD91}.Release|Any CPU.Build.0 = Release|Any CPU
		{2D965A8A-DE65-4166-AF94-500C1E92BD91}.Release|x64.ActiveCfg = Release|Any CPU
		{2D965A8A-DE65-4166-AF94-500C1E92BD91}.Release|x64.Build.0 = Release|Any CPU
		{2D965A8A-DE65-4166-AF94-500C1E92BD91}.Release|x86.ActiveCfg = Release|Any CPU
		{2D965A8A-DE65-4166-AF94-500C1E92BD91}.Release|x86.Build.0 = Release|Any CPU
		{696C53CF-0096-476B-8827-50C1254E7471}.Debug|Any CPU.ActiveCfg = Release|Any CPU
		{696C53CF-0096-476B-8827-50C1254E7471}.Debug|Any CPU.Build.0 = Release|Any CPU
		{696C53CF-0096-476B-8827-50C1254E7471}.Debug|x64.ActiveCfg = Debug|Any CPU
		{696C53CF-0096-476B-8827-50C1254E7471}.Debug|x64.Build.0 = Debug|Any CPU
		{696C53CF-0096-476B-8827-50C1254E7471}.Debug|x86.ActiveCfg = Debug|Any CPU
		{696C53CF-0096-476B-8827-50C1254E7471}.Debug|x86.Build.0 = Debug|Any CPU
		{696C53CF-0096-476B-8827-50C1254E7471}.Release|Any CPU.ActiveCfg = Release|Any CPU
		{696C53CF-0096-476B-8827-50C1254E7471}.Release|Any CPU.Build.0 = Release|Any CPU
		{696C53CF-0096-476B-8827-50C1254E7471}.Release|x64.ActiveCfg = Release|Any CPU
		{696C53CF-0096-476B-8827-50C1254E7471}.Release|x64.Build.0 = Release|Any CPU
		{696C53CF-0096-476B-8827-50C1254E7471}.Release|x86.ActiveCfg = Release|Any CPU
		{696C53CF-0096-476B-8827-50C1254E7471}.Release|x86.Build.0 = Release|Any CPU
		{BECE04F4-D057-4622-8CCB-B0B27581700F}.Debug|Any CPU.ActiveCfg = Release|Any CPU
		{BECE04F4-D057-4622-8CCB-B0B27581700F}.Debug|Any CPU.Build.0 = Release|Any CPU
		{BECE04F4-D057-4622-8CCB-B0B27581700F}.Debug|x64.ActiveCfg = Debug|Any CPU
		{BECE04F4-D057-4622-8CCB-B0B27581700F}.Debug|x64.Build.0 = Debug|Any CPU
		{BECE04F4-D057-4622-8CCB-B0B27581700F}.Debug|x86.ActiveCfg = Debug|Any CPU
		{BECE04F4-D057-4622-8CCB-B0B27581700F}.Debug|x86.Build.0 = Debug|Any CPU
		{BECE04F4-D057-4622-8CCB-B0B27581700F}.Release|Any CPU.ActiveCfg = Release|Any CPU
		{BECE04F4-D057-4622-8CCB-B0B27581700F}.Release|Any CPU.Build.0 = Release|Any CPU
		{BECE04F4-D057-4622-8CCB-B0B27581700F}.Release|x64.ActiveCfg = Release|Any CPU
		{BECE04F4-D057-4622-8CCB-B0B27581700F}.Release|x64.Build.0 = Release|Any CPU
		{BECE04F4-D057-4622-8CCB-B0B27581700F}.Release|x86.ActiveCfg = Release|Any CPU
		{BECE04F4-D057-4622-8CCB-B0B27581700F}.Release|x86.Build.0 = Release|Any CPU
	EndGlobalSection
	GlobalSection(SolutionProperties) = preSolution
		HideSolutionNode = FALSE
	EndGlobalSection
	GlobalSection(ExtensibilityGlobals) = postSolution
		SolutionGuid = {EA744F66-A944-42C4-8D7D-67309EE951D6}
	EndGlobalSection
EndGlobal
